{
    "version": 3,
    "terraform_version": "0.7.3",
    "serial": 34,
    "lineage": "9791bbc0-a8e2-48e0-ad9c-24dc070070f3",
    "modules": [
        {
            "path": [
                "root"
            ],
            "outputs": {},
            "resources": {
                "openstack_compute_instance_v2.app_server": {
                    "type": "openstack_compute_instance_v2",
                    "depends_on": [
                        "openstack_compute_keypair_v2.app_key_pair",
                        "openstack_compute_secgroup_v2.appsg",
                        "openstack_networking_port_v2.port_app_server"
                    ],
                    "primary": {
                        "id": "00ed5f97-8376-4eef-9643-2f96d8449a2a",
                        "attributes": {
                            "access_ip_v4": "",
                            "access_ip_v6": "",
                            "flavor_id": "2",
                            "flavor_name": "m1.small",
                            "id": "00ed5f97-8376-4eef-9643-2f96d8449a2a",
                            "image_id": "3667df6e-5db2-4956-abb3-67edf599d2ba",
                            "image_name": "ubuntu-14.04-server-amd64",
                            "key_pair": "app_key",
                            "metadata.%": "0",
                            "name": "app_server",
                            "network.#": "1",
                            "network.0.access_network": "false",
                            "network.0.fixed_ip_v4": "",
                            "network.0.fixed_ip_v6": "",
                            "network.0.floating_ip": "",
                            "network.0.mac": "",
                            "network.0.name": "",
                            "network.0.port": "88bc09b7-f581-4b1d-9dde-2f5b27890e50",
                            "network.0.uuid": "",
                            "region": "nova",
                            "security_groups.#": "1",
                            "security_groups.2323300322": "appsg",
                            "stop_before_destroy": "false",
                            "volume.#": "0"
                        },
                        "meta": {},
                        "tainted": false
                    },
                    "deposed": [],
                    "provider": ""
                },
                "openstack_compute_instance_v2.dba_server": {
                    "type": "openstack_compute_instance_v2",
                    "depends_on": [
                        "openstack_compute_keypair_v2.app_key_pair",
                        "openstack_networking_port_v2.port_db_server"
                    ],
                    "primary": {
                        "id": "b2188e10-334d-4d11-9675-ea05ed2d189e",
                        "attributes": {
                            "access_ip_v4": "",
                            "access_ip_v6": "",
                            "flavor_id": "2",
                            "flavor_name": "m1.small",
                            "id": "b2188e10-334d-4d11-9675-ea05ed2d189e",
                            "image_id": "3667df6e-5db2-4956-abb3-67edf599d2ba",
                            "image_name": "ubuntu-14.04-server-amd64",
                            "key_pair": "app_key",
                            "metadata.%": "0",
                            "name": "dba_server",
                            "network.#": "1",
                            "network.0.access_network": "false",
                            "network.0.fixed_ip_v4": "",
                            "network.0.fixed_ip_v6": "",
                            "network.0.floating_ip": "",
                            "network.0.mac": "",
                            "network.0.name": "",
                            "network.0.port": "a0599c84-abd4-48d3-a8f7-3d6e40ee2833",
                            "network.0.uuid": "",
                            "region": "nova",
                            "security_groups.#": "1",
                            "security_groups.160923336": "dbsg",
                            "stop_before_destroy": "false",
                            "volume.#": "0"
                        },
                        "meta": {},
                        "tainted": false
                    },
                    "deposed": [],
                    "provider": ""
                },
                "openstack_compute_instance_v2.web_server": {
                    "type": "openstack_compute_instance_v2",
                    "depends_on": [
                        "openstack_compute_keypair_v2.app_key_pair",
                        "openstack_networking_port_v2.port_web_server"
                    ],
                    "primary": {
                        "id": "b036585b-ca53-4d8c-bc56-a0ccdffc54cd",
                        "attributes": {
                            "access_ip_v4": "",
                            "access_ip_v6": "",
                            "flavor_id": "2",
                            "flavor_name": "m1.small",
                            "id": "b036585b-ca53-4d8c-bc56-a0ccdffc54cd",
                            "image_id": "3667df6e-5db2-4956-abb3-67edf599d2ba",
                            "image_name": "ubuntu-14.04-server-amd64",
                            "key_pair": "app_key",
                            "metadata.%": "0",
                            "name": "web_server",
                            "network.#": "1",
                            "network.0.access_network": "false",
                            "network.0.fixed_ip_v4": "",
                            "network.0.fixed_ip_v6": "",
                            "network.0.floating_ip": "",
                            "network.0.mac": "",
                            "network.0.name": "",
                            "network.0.port": "4f1027a8-a6f6-455c-9757-3cbd82172611",
                            "network.0.uuid": "",
                            "region": "nova",
                            "security_groups.#": "1",
                            "security_groups.499060083": "websg",
                            "stop_before_destroy": "false",
                            "volume.#": "0"
                        },
                        "meta": {},
                        "tainted": false
                    },
                    "deposed": [],
                    "provider": ""
                },
                "openstack_compute_keypair_v2.app_key_pair": {
                    "type": "openstack_compute_keypair_v2",
                    "depends_on": [],
                    "primary": {
                        "id": "app_key",
                        "attributes": {
                            "id": "app_key",
                            "name": "app_key",
                            "public_key": "ssh-rsa AAAAB3NzaC1yc2EAAAADAQABAAACAQDp8nu0z5mREqEXbGJsgnVmaAE4L0PDDBNAj3gvNCdjDIL/PEXUga4T02q5IbQx/zknRcyaqmtmqk1JZBK5OZ5InQcRCGv8qcuvHlizGYMqtyy+jf6In7ciXg6bv5R7hHGh1UKH4mLTdT42uSVA0qWy1Dq37zUO7UKQqop1Gqa66hmF9JSKKHuXQTckHEWm8gEx4KaJjY2/zkau6aRvlG/44IQmLnGz9Xcs5yqcp8BgCM5jT/v/XsQ6iYIz4RcyKk/X6Q7fLECNBSdj4Wm0b7lZCcQArtTsvFW2M+zSBnw79AQfwTDLjoSs2Ujq/DQNwi0IzAbr9ij+W9XtpgAr8S3MALW5z23/Tfe9LyH+W0nSZeHlAjj04h3I4xuvxd3bu5Lc2haNF5QaA+tzyHnRKWBeubeRUuShZ6oH+x9uziJEapbe3PiG01JlCSUrYiAAIVdnav0PEXtca8HtVwBbpYK9fCgHR4sMxWDSb7T7eMeCnuCSc1PG64myCr8EaWxlDYFjxw73C5s6aVaKFCW1UV1NqIrd0TxTLkM/BiKgnFSH8FS1Y0aShqkNCNfD6fsu4WPPgdmDJoTK3G80jZnbMIHZIPSptBnQXJZ3QzhxbrxJAZpwgy4iDyDpZ6he/GwM7nMa4/ddumkC0K8m8ibAE5GfaI+osNyJNEQE+ndhkfNknw== nathan79@gmail.com\n",
                            "region": "nova"
                        },
                        "meta": {},
                        "tainted": false
                    },
                    "deposed": [],
                    "provider": ""
                },
                "openstack_compute_keypair_v2.dba_key_pair": {
                    "type": "openstack_compute_keypair_v2",
                    "depends_on": [],
                    "primary": {
                        "id": "db_key",
                        "attributes": {
                            "id": "db_key",
                            "name": "db_key",
                            "public_key": "ssh-rsa AAAAB3NzaC1yc2EAAAADAQABAAACAQDp8nu0z5mREqEXbGJsgnVmaAE4L0PDDBNAj3gvNCdjDIL/PEXUga4T02q5IbQx/zknRcyaqmtmqk1JZBK5OZ5InQcRCGv8qcuvHlizGYMqtyy+jf6In7ciXg6bv5R7hHGh1UKH4mLTdT42uSVA0qWy1Dq37zUO7UKQqop1Gqa66hmF9JSKKHuXQTckHEWm8gEx4KaJjY2/zkau6aRvlG/44IQmLnGz9Xcs5yqcp8BgCM5jT/v/XsQ6iYIz4RcyKk/X6Q7fLECNBSdj4Wm0b7lZCcQArtTsvFW2M+zSBnw79AQfwTDLjoSs2Ujq/DQNwi0IzAbr9ij+W9XtpgAr8S3MALW5z23/Tfe9LyH+W0nSZeHlAjj04h3I4xuvxd3bu5Lc2haNF5QaA+tzyHnRKWBeubeRUuShZ6oH+x9uziJEapbe3PiG01JlCSUrYiAAIVdnav0PEXtca8HtVwBbpYK9fCgHR4sMxWDSb7T7eMeCnuCSc1PG64myCr8EaWxlDYFjxw73C5s6aVaKFCW1UV1NqIrd0TxTLkM/BiKgnFSH8FS1Y0aShqkNCNfD6fsu4WPPgdmDJoTK3G80jZnbMIHZIPSptBnQXJZ3QzhxbrxJAZpwgy4iDyDpZ6he/GwM7nMa4/ddumkC0K8m8ibAE5GfaI+osNyJNEQE+ndhkfNknw== nathan79@gmail.com\n",
                            "region": "nova"
                        },
                        "meta": {},
                        "tainted": false
                    },
                    "deposed": [],
                    "provider": ""
                },
                "openstack_compute_keypair_v2.web_key_pair": {
                    "type": "openstack_compute_keypair_v2",
                    "depends_on": [],
                    "primary": {
                        "id": "web_key",
                        "attributes": {
                            "id": "web_key",
                            "name": "web_key",
                            "public_key": "ssh-rsa AAAAB3NzaC1yc2EAAAADAQABAAACAQDp8nu0z5mREqEXbGJsgnVmaAE4L0PDDBNAj3gvNCdjDIL/PEXUga4T02q5IbQx/zknRcyaqmtmqk1JZBK5OZ5InQcRCGv8qcuvHlizGYMqtyy+jf6In7ciXg6bv5R7hHGh1UKH4mLTdT42uSVA0qWy1Dq37zUO7UKQqop1Gqa66hmF9JSKKHuXQTckHEWm8gEx4KaJjY2/zkau6aRvlG/44IQmLnGz9Xcs5yqcp8BgCM5jT/v/XsQ6iYIz4RcyKk/X6Q7fLECNBSdj4Wm0b7lZCcQArtTsvFW2M+zSBnw79AQfwTDLjoSs2Ujq/DQNwi0IzAbr9ij+W9XtpgAr8S3MALW5z23/Tfe9LyH+W0nSZeHlAjj04h3I4xuvxd3bu5Lc2haNF5QaA+tzyHnRKWBeubeRUuShZ6oH+x9uziJEapbe3PiG01JlCSUrYiAAIVdnav0PEXtca8HtVwBbpYK9fCgHR4sMxWDSb7T7eMeCnuCSc1PG64myCr8EaWxlDYFjxw73C5s6aVaKFCW1UV1NqIrd0TxTLkM/BiKgnFSH8FS1Y0aShqkNCNfD6fsu4WPPgdmDJoTK3G80jZnbMIHZIPSptBnQXJZ3QzhxbrxJAZpwgy4iDyDpZ6he/GwM7nMa4/ddumkC0K8m8ibAE5GfaI+osNyJNEQE+ndhkfNknw== nathan79@gmail.com\n",
                            "region": "nova"
                        },
                        "meta": {},
                        "tainted": false
                    },
                    "deposed": [],
                    "provider": ""
                },
                "openstack_compute_secgroup_v2.appsg": {
                    "type": "openstack_compute_secgroup_v2",
                    "depends_on": [],
                    "primary": {
                        "id": "33037b2c-7a46-48ef-a2ae-e84263a1a309",
                        "attributes": {
                            "description": "Security group for the App VMs",
                            "id": "33037b2c-7a46-48ef-a2ae-e84263a1a309",
                            "name": "appsg",
                            "region": "nova",
                            "rule.#": "2",
                            "rule.2598447331.cidr": "10.0.0.0/24",
                            "rule.2598447331.from_group_id": "",
                            "rule.2598447331.from_port": "1",
                            "rule.2598447331.id": "3898e8c7-2d1b-41b1-8e3f-48e9192b95e6",
                            "rule.2598447331.ip_protocol": "tcp",
                            "rule.2598447331.self": "false",
                            "rule.2598447331.to_port": "65535",
                            "rule.4268521250.cidr": "10.0.0.0/24",
                            "rule.4268521250.from_group_id": "",
                            "rule.4268521250.from_port": "-1",
                            "rule.4268521250.id": "eab6fb5f-ce04-43d0-94b7-2f81610d2756",
                            "rule.4268521250.ip_protocol": "icmp",
                            "rule.4268521250.self": "false",
                            "rule.4268521250.to_port": "-1"
                        },
                        "meta": {},
                        "tainted": false
                    },
                    "deposed": [],
                    "provider": ""
                },
                "openstack_compute_secgroup_v2.dbsg": {
                    "type": "openstack_compute_secgroup_v2",
                    "depends_on": [],
                    "primary": {
                        "id": "2002af60-32fa-447c-8bdc-4a0aae2a998a",
                        "attributes": {
                            "description": "Security group for the DB VMs",
                            "id": "2002af60-32fa-447c-8bdc-4a0aae2a998a",
                            "name": "dbsg",
                            "region": "nova",
                            "rule.#": "2",
                            "rule.133089685.cidr": "10.0.1.0/24",
                            "rule.133089685.from_group_id": "",
                            "rule.133089685.from_port": "1",
                            "rule.133089685.id": "1e133036-771f-4f65-a16f-e4620395d26d",
                            "rule.133089685.ip_protocol": "tcp",
                            "rule.133089685.self": "false",
                            "rule.133089685.to_port": "65535",
                            "rule.1667470932.cidr": "10.0.1.0/24",
                            "rule.1667470932.from_group_id": "",
                            "rule.1667470932.from_port": "-1",
                            "rule.1667470932.id": "fd4cbd4e-14a6-49d5-a7dc-2e0cccbf0035",
                            "rule.1667470932.ip_protocol": "icmp",
                            "rule.1667470932.self": "false",
                            "rule.1667470932.to_port": "-1"
                        },
                        "meta": {},
                        "tainted": false
                    },
                    "deposed": [],
                    "provider": ""
                },
                "openstack_compute_secgroup_v2.websg": {
                    "type": "openstack_compute_secgroup_v2",
                    "depends_on": [],
                    "primary": {
                        "id": "d4914f74-1b03-4fd9-aa87-94172afa90fd",
                        "attributes": {
                            "description": "Security group for the Web VMs",
                            "id": "d4914f74-1b03-4fd9-aa87-94172afa90fd",
                            "name": "websg",
                            "region": "nova",
                            "rule.#": "2",
                            "rule.3211544828.cidr": "0.0.0.0/0",
                            "rule.3211544828.from_group_id": "",
                            "rule.3211544828.from_port": "443",
                            "rule.3211544828.id": "7c70539f-4125-4902-9d15-de9d575cd65b",
                            "rule.3211544828.ip_protocol": "tcp",
                            "rule.3211544828.self": "false",
                            "rule.3211544828.to_port": "443",
                            "rule.3719211069.cidr": "0.0.0.0/0",
                            "rule.3719211069.from_group_id": "",
                            "rule.3719211069.from_port": "80",
                            "rule.3719211069.id": "bd2b3a88-2b78-44ef-81ec-4facfbadae52",
                            "rule.3719211069.ip_protocol": "tcp",
                            "rule.3719211069.self": "false",
                            "rule.3719211069.to_port": "80"
                        },
                        "meta": {},
                        "tainted": false
                    },
                    "deposed": [],
                    "provider": ""
                },
                "openstack_networking_network_v2.app_network": {
                    "type": "openstack_networking_network_v2",
                    "depends_on": [],
                    "primary": {
                        "id": "0455b4ae-965a-40bc-8b8b-8426ecc0869d",
                        "attributes": {
                            "admin_state_up": "true",
                            "id": "0455b4ae-965a-40bc-8b8b-8426ecc0869d",
                            "name": "app_network",
                            "region": "nova",
                            "shared": "false",
                            "tenant_id": "f675124e73f64325a0ef23a80f4ad935"
                        },
                        "meta": {},
                        "tainted": false
                    },
                    "deposed": [],
                    "provider": ""
                },
                "openstack_networking_network_v2.db_network": {
                    "type": "openstack_networking_network_v2",
                    "depends_on": [],
                    "primary": {
                        "id": "72cc56bc-4962-45fd-bf1d-6c374b766735",
                        "attributes": {
                            "admin_state_up": "true",
                            "id": "72cc56bc-4962-45fd-bf1d-6c374b766735",
                            "name": "db_network",
                            "region": "nova",
                            "shared": "false",
                            "tenant_id": "f675124e73f64325a0ef23a80f4ad935"
                        },
                        "meta": {},
                        "tainted": false
                    },
                    "deposed": [],
                    "provider": ""
                },
                "openstack_networking_network_v2.web_network": {
                    "type": "openstack_networking_network_v2",
                    "depends_on": [],
                    "primary": {
                        "id": "3f6c9340-4ae9-49c5-a55c-83e7c1a82fc0",
                        "attributes": {
                            "admin_state_up": "true",
                            "id": "3f6c9340-4ae9-49c5-a55c-83e7c1a82fc0",
                            "name": "web_network",
                            "region": "nova",
                            "shared": "false",
                            "tenant_id": "f675124e73f64325a0ef23a80f4ad935"
                        },
                        "meta": {},
                        "tainted": false
                    },
                    "deposed": [],
                    "provider": ""
                },
                "openstack_networking_port_v2.port_app_server": {
                    "type": "openstack_networking_port_v2",
                    "depends_on": [
                        "openstack_compute_secgroup_v2.appsg",
                        "openstack_networking_network_v2.app_network",
                        "openstack_networking_subnet_v2.app_subnet"
                    ],
                    "primary": {
                        "id": "88bc09b7-f581-4b1d-9dde-2f5b27890e50",
                        "attributes": {
                            "admin_state_up": "true",
                            "allowed_address_pairs.#": "0",
                            "device_id": "",
                            "device_owner": "",
                            "fixed_ip.#": "1",
                            "fixed_ip.0.ip_address": "10.0.1.3",
                            "fixed_ip.0.subnet_id": "01ab7a03-dba1-4363-9813-c2fe1ac8dc3d",
                            "id": "88bc09b7-f581-4b1d-9dde-2f5b27890e50",
                            "mac_address": "fa:16:3e:2e:f4:f6",
                            "name": "port_app_server",
                            "network_id": "0455b4ae-965a-40bc-8b8b-8426ecc0869d",
                            "region": "nova",
                            "security_group_ids.#": "1",
                            "security_group_ids.3935001694": "33037b2c-7a46-48ef-a2ae-e84263a1a309",
                            "tenant_id": "f675124e73f64325a0ef23a80f4ad935"
                        },
                        "meta": {},
                        "tainted": false
                    },
                    "deposed": [],
                    "provider": ""
                },
                "openstack_networking_port_v2.port_db_server": {
                    "type": "openstack_networking_port_v2",
                    "depends_on": [
                        "openstack_compute_secgroup_v2.dbsg",
                        "openstack_networking_network_v2.db_network",
                        "openstack_networking_subnet_v2.db_subnet"
                    ],
                    "primary": {
                        "id": "a0599c84-abd4-48d3-a8f7-3d6e40ee2833",
                        "attributes": {
                            "admin_state_up": "true",
                            "allowed_address_pairs.#": "0",
                            "device_id": "",
                            "device_owner": "",
                            "fixed_ip.#": "1",
                            "fixed_ip.0.ip_address": "10.0.2.3",
                            "fixed_ip.0.subnet_id": "f8ca7341-af3a-43b2-8537-6226b7da88b3",
                            "id": "a0599c84-abd4-48d3-a8f7-3d6e40ee2833",
                            "mac_address": "fa:16:3e:69:ec:3b",
                            "name": "port_db_server",
                            "network_id": "72cc56bc-4962-45fd-bf1d-6c374b766735",
                            "region": "nova",
                            "security_group_ids.#": "1",
                            "security_group_ids.1104442113": "2002af60-32fa-447c-8bdc-4a0aae2a998a",
                            "tenant_id": "f675124e73f64325a0ef23a80f4ad935"
                        },
                        "meta": {},
                        "tainted": false
                    },
                    "deposed": [],
                    "provider": ""
                },
                "openstack_networking_port_v2.port_web_server": {
                    "type": "openstack_networking_port_v2",
                    "depends_on": [
                        "openstack_compute_secgroup_v2.websg",
                        "openstack_networking_network_v2.web_network",
                        "openstack_networking_subnet_v2.web_subnet"
                    ],
                    "primary": {
                        "id": "4f1027a8-a6f6-455c-9757-3cbd82172611",
                        "attributes": {
                            "admin_state_up": "true",
                            "allowed_address_pairs.#": "0",
                            "device_id": "",
                            "device_owner": "",
                            "fixed_ip.#": "1",
                            "fixed_ip.0.ip_address": "10.0.0.3",
                            "fixed_ip.0.subnet_id": "079b8940-4019-4bdd-8ceb-bfd5d1c8f049",
                            "id": "4f1027a8-a6f6-455c-9757-3cbd82172611",
                            "mac_address": "fa:16:3e:9d:3d:08",
                            "name": "port_web_server",
                            "network_id": "3f6c9340-4ae9-49c5-a55c-83e7c1a82fc0",
                            "region": "nova",
                            "security_group_ids.#": "1",
                            "security_group_ids.89952294": "d4914f74-1b03-4fd9-aa87-94172afa90fd",
                            "tenant_id": "f675124e73f64325a0ef23a80f4ad935"
                        },
                        "meta": {},
                        "tainted": false
                    },
                    "deposed": [],
                    "provider": ""
                },
                "openstack_networking_router_interface_v2.app_router_interface": {
                    "type": "openstack_networking_router_interface_v2",
                    "depends_on": [
                        "openstack_networking_router_v2.application_router",
                        "openstack_networking_subnet_v2.app_subnet"
                    ],
                    "primary": {
                        "id": "ad7f2a98-c75c-4b1a-a911-5181cbcd94dd",
                        "attributes": {
                            "id": "ad7f2a98-c75c-4b1a-a911-5181cbcd94dd",
                            "region": "nova",
                            "router_id": "257a0992-07b0-4acb-ac1b-ec9003d22b0e",
                            "subnet_id": "01ab7a03-dba1-4363-9813-c2fe1ac8dc3d"
                        },
                        "meta": {},
                        "tainted": false
                    },
                    "deposed": [],
                    "provider": ""
                },
                "openstack_networking_router_interface_v2.db_router_interface": {
                    "type": "openstack_networking_router_interface_v2",
                    "depends_on": [
                        "openstack_networking_router_v2.application_router",
                        "openstack_networking_subnet_v2.db_subnet"
                    ],
                    "primary": {
                        "id": "973aaced-9cfb-49fe-8aba-cb0d9015007f",
                        "attributes": {
                            "id": "973aaced-9cfb-49fe-8aba-cb0d9015007f",
                            "region": "nova",
                            "router_id": "257a0992-07b0-4acb-ac1b-ec9003d22b0e",
                            "subnet_id": "f8ca7341-af3a-43b2-8537-6226b7da88b3"
                        },
                        "meta": {},
                        "tainted": false
                    },
                    "deposed": [],
                    "provider": ""
                },
                "openstack_networking_router_interface_v2.web_router_interface": {
                    "type": "openstack_networking_router_interface_v2",
                    "depends_on": [
                        "openstack_networking_router_v2.application_router",
                        "openstack_networking_subnet_v2.web_subnet"
                    ],
                    "primary": {
                        "id": "f019ebb4-b1a2-449a-8336-b92a377dfea7",
                        "attributes": {
                            "id": "f019ebb4-b1a2-449a-8336-b92a377dfea7",
                            "region": "nova",
                            "router_id": "257a0992-07b0-4acb-ac1b-ec9003d22b0e",
                            "subnet_id": "079b8940-4019-4bdd-8ceb-bfd5d1c8f049"
                        },
                        "meta": {},
                        "tainted": false
                    },
                    "deposed": [],
                    "provider": ""
                },
                "openstack_networking_router_v2.application_router": {
                    "type": "openstack_networking_router_v2",
                    "depends_on": [],
                    "primary": {
                        "id": "257a0992-07b0-4acb-ac1b-ec9003d22b0e",
                        "attributes": {
                            "admin_state_up": "true",
                            "distributed": "false",
                            "external_gateway": "e8b5c267-7c37-4222-8a89-d91ebb80526c",
                            "id": "257a0992-07b0-4acb-ac1b-ec9003d22b0e",
                            "name": "application_router",
                            "region": "nova",
                            "tenant_id": "f675124e73f64325a0ef23a80f4ad935"
                        },
                        "meta": {},
                        "tainted": false
                    },
                    "deposed": [],
                    "provider": ""
                },
                "openstack_networking_subnet_v2.app_subnet": {
                    "type": "openstack_networking_subnet_v2",
                    "depends_on": [
                        "openstack_networking_network_v2.app_network"
                    ],
                    "primary": {
                        "id": "01ab7a03-dba1-4363-9813-c2fe1ac8dc3d",
                        "attributes": {
                            "cidr": "10.0.1.0/24",
                            "dns_nameservers.#": "2",
                            "dns_nameservers.3811298194": "8.8.4.4",
                            "dns_nameservers.3817307869": "8.8.8.8",
                            "enable_dhcp": "true",
                            "gateway_ip": "10.0.1.1",
                            "host_routes.#": "0",
                            "id": "01ab7a03-dba1-4363-9813-c2fe1ac8dc3d",
                            "ip_version": "4",
                            "name": "app_subnet",
                            "network_id": "0455b4ae-965a-40bc-8b8b-8426ecc0869d",
                            "region": "nova",
                            "tenant_id": "f675124e73f64325a0ef23a80f4ad935"
                        },
                        "meta": {},
                        "tainted": false
                    },
                    "deposed": [],
                    "provider": ""
                },
                "openstack_networking_subnet_v2.db_subnet": {
                    "type": "openstack_networking_subnet_v2",
                    "depends_on": [
                        "openstack_networking_network_v2.db_network"
                    ],
                    "primary": {
                        "id": "f8ca7341-af3a-43b2-8537-6226b7da88b3",
                        "attributes": {
                            "cidr": "10.0.2.0/24",
                            "dns_nameservers.#": "2",
                            "dns_nameservers.3811298194": "8.8.4.4",
                            "dns_nameservers.3817307869": "8.8.8.8",
                            "enable_dhcp": "true",
                            "gateway_ip": "10.0.2.1",
                            "host_routes.#": "0",
                            "id": "f8ca7341-af3a-43b2-8537-6226b7da88b3",
                            "ip_version": "4",
                            "name": "db_subnet",
                            "network_id": "72cc56bc-4962-45fd-bf1d-6c374b766735",
                            "region": "nova",
                            "tenant_id": "f675124e73f64325a0ef23a80f4ad935"
                        },
                        "meta": {},
                        "tainted": false
                    },
                    "deposed": [],
                    "provider": ""
                },
                "openstack_networking_subnet_v2.web_subnet": {
                    "type": "openstack_networking_subnet_v2",
                    "depends_on": [
                        "openstack_networking_network_v2.web_network"
                    ],
                    "primary": {
                        "id": "079b8940-4019-4bdd-8ceb-bfd5d1c8f049",
                        "attributes": {
                            "cidr": "10.0.0.0/24",
                            "dns_nameservers.#": "2",
                            "dns_nameservers.3811298194": "8.8.4.4",
                            "dns_nameservers.3817307869": "8.8.8.8",
                            "enable_dhcp": "true",
                            "gateway_ip": "10.0.0.1",
                            "host_routes.#": "0",
                            "id": "079b8940-4019-4bdd-8ceb-bfd5d1c8f049",
                            "ip_version": "4",
                            "name": "web_subnet",
                            "network_id": "3f6c9340-4ae9-49c5-a55c-83e7c1a82fc0",
                            "region": "nova",
                            "tenant_id": "f675124e73f64325a0ef23a80f4ad935"
                        },
                        "meta": {},
                        "tainted": false
                    },
                    "deposed": [],
                    "provider": ""
                }
            },
            "depends_on": []
        }
    ]
}
